
Microsoft Visual Studio Solution File, Format Version 12.00
# Visual Studio Version 17
VisualStudioVersion = 17.13.35919.96 d17.13
MinimumVisualStudioVersion = 10.0.40219.1
Project("{888888A0-9F3D-457C-B088-3A5042F75D52}") = "Markov_babbler", "Markov_babbler.pyproj", "{D4C79DDE-60A7-4C47-8697-4A129DBFED80}"
EndProject
Global
	GlobalSection(SolutionConfigurationPlatforms) = preSolution
		Debug|Any CPU = Debug|Any CPU
		Release|Any CPU = Release|Any CPU
	EndGlobalSection
	GlobalSection(ProjectConfigurationPlatforms) = postSolution
		{D4C79DDE-60A7-4C47-8697-4A129DBFED80}.Debug|Any CPU.ActiveCfg = Debug|Any CPU
		{D4C79DDE-60A7-4C47-8697-4A129DBFED80}.Release|Any CPU.ActiveCfg = Release|Any CPU
	EndGlobalSection
	GlobalSection(SolutionProperties) = preSolution
		HideSolutionNode = FALSE
	EndGlobalSection
	GlobalSection(ExtensibilityGlobals) = postSolution
		SolutionGuid = {E58D03E9-845E-45AE-B7B0-FDCBA045E0EE}
	EndGlobalSection
EndGlobal
